
Microsoft Visual Studio Solution File, Format Version 12.00
# Visual Studio 15
VisualStudioVersion = 15.0.28307.572
MinimumVisualStudioVersion = 10.0.40219.1
Project("{FAE04EC0-301F-11D3-BF4B-00C04F79EFBC}") = "DIExample", "DIExample\DIExample.csproj", "{678671DA-6E24-4BA0-945C-3031C441D9E4}"
EndProject
Global
	GlobalSection(SolutionConfigurationPlatforms) = preSolution
		Debug|Any CPU = Debug|Any CPU
		Release|Any CPU = Release|Any CPU
	EndGlobalSection
	GlobalSection(ProjectConfigurationPlatforms) = postSolution
		{678671DA-6E24-4BA0-945C-3031C441D9E4}.Debug|Any CPU.ActiveCfg = Debug|Any CPU
		{678671DA-6E24-4BA0-945C-3031C441D9E4}.Debug|Any CPU.Build.0 = Debug|Any CPU
		{678671DA-6E24-4BA0-945C-3031C441D9E4}.Release|Any CPU.ActiveCfg = Release|Any CPU
		{678671DA-6E24-4BA0-945C-3031C441D9E4}.Release|Any CPU.Build.0 = Release|Any CPU
	EndGlobalSection
	GlobalSection(SolutionProperties) = preSolution
		HideSolutionNode = FALSE
	EndGlobalSection
	GlobalSection(ExtensibilityGlobals) = postSolution
		SolutionGuid = {0275A4EA-CB46-447E-9B64-BD2B70408F15}
	EndGlobalSection
EndGlobal
